<?xml version="1.0" encoding="utf-8"?>
<Project ToolsVersion="17.0" xmlns="http://schemas.microsoft.com/developer/msbuild/2003">
  <ItemGroup>
    <ClCompile Include="C:\Users\Kelvin\Desktop\LeapSDK\samples\CheckLicenseFlagSample.c">
      <Filter>Source Files</Filter>
    </ClCompile>
  </ItemGroup>
  <ItemGroup>
    <CustomBuild Include="C:\Users\Kelvin\Desktop\LeapSDK\samples\CMakeLists.txt" />
  </ItemGroup>
  <ItemGroup>
    <Object Include="C:\Users\Kelvin\Desktop\figures\libExampleConnection.dir\$(Configuration)\ExampleConnection.obj">
      <Filter>Object Libraries</Filter>
    </Object>
  </ItemGroup>
  <ItemGroup>
    <Filter Include="Object Libraries">
      <UniqueIdentifier>{FEE4DFF5-D5CE-3837-93C7-039B85513A8E}</UniqueIdentifier>
    </Filter>
    <Filter Include="Source Files">
      <UniqueIdentifier>{38B85DD7-3A63-3D58-B863-50CEBAC0C531}</UniqueIdentifier>
    </Filter>
  </ItemGroup>
</Project>
