
Microsoft Visual Studio Solution File, Format Version 12.00
# Visual Studio Version 17
Project("{8BC9CEB8-8B4A-11D0-8D11-00A0C91BC942}") = "ALL_BUILD", "ALL_BUILD.vcxproj", "{1E2C9000-088A-3385-BDBF-3DF75D18B1D1}"
	ProjectSection(ProjectDependencies) = postProject
		{42FEB7E6-460D-3978-B2BF-B3B77EAE7687} = {42FEB7E6-460D-3978-B2BF-B3B77EAE7687}
		{CDF951EB-6A91-36C2-A41D-FAEA5FEB60A4} = {CDF951EB-6A91-36C2-A41D-FAEA5FEB60A4}
		{74172A8E-031B-35D9-A277-FA7D13D40119} = {74172A8E-031B-35D9-A277-FA7D13D40119}
		{CE50AA96-267D-3183-829B-2D6A542C7B3B} = {CE50AA96-267D-3183-829B-2D6A542C7B3B}
		{95A1840D-A53B-34BF-B8AE-77487014D79D} = {95A1840D-A53B-34BF-B8AE-77487014D79D}
		{BD56A271-E5EC-3092-8B1D-751DF29D88A4} = {BD56A271-E5EC-3092-8B1D-751DF29D88A4}
		{297D491C-59A4-361A-A660-AF397F5F971B} = {297D491C-59A4-361A-A660-AF397F5F971B}
		{99D0A92B-7BC9-316E-B5AC-946411FC4406} = {99D0A92B-7BC9-316E-B5AC-946411FC4406}
		{E31B88BE-D2F2-3BC0-94B2-139A71D49EFB} = {E31B88BE-D2F2-3BC0-94B2-139A71D49EFB}
		{C9D61101-0DB8-3442-8B66-7FB316E5102A} = {C9D61101-0DB8-3442-8B66-7FB316E5102A}
	EndProjectSection
EndProject
Project("{8BC9CEB8-8B4A-11D0-8D11-00A0C91BC942}") = "CallbackSample", "CallbackSample.vcxproj", "{42FEB7E6-460D-3978-B2BF-B3B77EAE7687}"
	ProjectSection(ProjectDependencies) = postProject
		{99D0A92B-7BC9-316E-B5AC-946411FC4406} = {99D0A92B-7BC9-316E-B5AC-946411FC4406}
		{C9D61101-0DB8-3442-8B66-7FB316E5102A} = {C9D61101-0DB8-3442-8B66-7FB316E5102A}
	EndProjectSection
EndProject
Project("{8BC9CEB8-8B4A-11D0-8D11-00A0C91BC942}") = "CheckLicenseFlagSample", "CheckLicenseFlagSample.vcxproj", "{CDF951EB-6A91-36C2-A41D-FAEA5FEB60A4}"
	ProjectSection(ProjectDependencies) = postProject
		{99D0A92B-7BC9-316E-B5AC-946411FC4406} = {99D0A92B-7BC9-316E-B5AC-946411FC4406}
		{C9D61101-0DB8-3442-8B66-7FB316E5102A} = {C9D61101-0DB8-3442-8B66-7FB316E5102A}
	EndProjectSection
EndProject
Project("{8BC9CEB8-8B4A-11D0-8D11-00A0C91BC942}") = "FiducialTrackingSample", "FiducialTrackingSample.vcxproj", "{74172A8E-031B-35D9-A277-FA7D13D40119}"
	ProjectSection(ProjectDependencies) = postProject
		{99D0A92B-7BC9-316E-B5AC-946411FC4406} = {99D0A92B-7BC9-316E-B5AC-946411FC4406}
		{C9D61101-0DB8-3442-8B66-7FB316E5102A} = {C9D61101-0DB8-3442-8B66-7FB316E5102A}
	EndProjectSection
EndProject
Project("{8BC9CEB8-8B4A-11D0-8D11-00A0C91BC942}") = "ImageSample", "ImageSample.vcxproj", "{CE50AA96-267D-3183-829B-2D6A542C7B3B}"
	ProjectSection(ProjectDependencies) = postProject
		{99D0A92B-7BC9-316E-B5AC-946411FC4406} = {99D0A92B-7BC9-316E-B5AC-946411FC4406}
		{C9D61101-0DB8-3442-8B66-7FB316E5102A} = {C9D61101-0DB8-3442-8B66-7FB316E5102A}
	EndProjectSection
EndProject
Project("{8BC9CEB8-8B4A-11D0-8D11-00A0C91BC942}") = "InterpolationSample", "InterpolationSample.vcxproj", "{95A1840D-A53B-34BF-B8AE-77487014D79D}"
	ProjectSection(ProjectDependencies) = postProject
		{99D0A92B-7BC9-316E-B5AC-946411FC4406} = {99D0A92B-7BC9-316E-B5AC-946411FC4406}
		{C9D61101-0DB8-3442-8B66-7FB316E5102A} = {C9D61101-0DB8-3442-8B66-7FB316E5102A}
	EndProjectSection
EndProject
Project("{8BC9CEB8-8B4A-11D0-8D11-00A0C91BC942}") = "MultiDeviceSample", "MultiDeviceSample.vcxproj", "{BD56A271-E5EC-3092-8B1D-751DF29D88A4}"
	ProjectSection(ProjectDependencies) = postProject
		{99D0A92B-7BC9-316E-B5AC-946411FC4406} = {99D0A92B-7BC9-316E-B5AC-946411FC4406}
		{C9D61101-0DB8-3442-8B66-7FB316E5102A} = {C9D61101-0DB8-3442-8B66-7FB316E5102A}
	EndProjectSection
EndProject
Project("{8BC9CEB8-8B4A-11D0-8D11-00A0C91BC942}") = "PollingSample", "PollingSample.vcxproj", "{297D491C-59A4-361A-A660-AF397F5F971B}"
	ProjectSection(ProjectDependencies) = postProject
		{99D0A92B-7BC9-316E-B5AC-946411FC4406} = {99D0A92B-7BC9-316E-B5AC-946411FC4406}
		{C9D61101-0DB8-3442-8B66-7FB316E5102A} = {C9D61101-0DB8-3442-8B66-7FB316E5102A}
	EndProjectSection
EndProject
Project("{8BC9CEB8-8B4A-11D0-8D11-00A0C91BC942}") = "ZERO_CHECK", "ZERO_CHECK.vcxproj", "{99D0A92B-7BC9-316E-B5AC-946411FC4406}"
	ProjectSection(ProjectDependencies) = postProject
	EndProjectSection
EndProject
Project("{8BC9CEB8-8B4A-11D0-8D11-00A0C91BC942}") = "leapc_example", "leapc_example.vcxproj", "{E31B88BE-D2F2-3BC0-94B2-139A71D49EFB}"
	ProjectSection(ProjectDependencies) = postProject
		{99D0A92B-7BC9-316E-B5AC-946411FC4406} = {99D0A92B-7BC9-316E-B5AC-946411FC4406}
	EndProjectSection
EndProject
Project("{8BC9CEB8-8B4A-11D0-8D11-00A0C91BC942}") = "libExampleConnection", "libExampleConnection.vcxproj", "{C9D61101-0DB8-3442-8B66-7FB316E5102A}"
	ProjectSection(ProjectDependencies) = postProject
		{99D0A92B-7BC9-316E-B5AC-946411FC4406} = {99D0A92B-7BC9-316E-B5AC-946411FC4406}
	EndProjectSection
EndProject
Global
	GlobalSection(SolutionConfigurationPlatforms) = preSolution
		Debug|x64 = Debug|x64
		Release|x64 = Release|x64
		MinSizeRel|x64 = MinSizeRel|x64
		RelWithDebInfo|x64 = RelWithDebInfo|x64
	EndGlobalSection
	GlobalSection(ProjectConfigurationPlatforms) = postSolution
		{1E2C9000-088A-3385-BDBF-3DF75D18B1D1}.Debug|x64.ActiveCfg = Debug|x64
		{1E2C9000-088A-3385-BDBF-3DF75D18B1D1}.Release|x64.ActiveCfg = Release|x64
		{1E2C9000-088A-3385-BDBF-3DF75D18B1D1}.MinSizeRel|x64.ActiveCfg = MinSizeRel|x64
		{1E2C9000-088A-3385-BDBF-3DF75D18B1D1}.RelWithDebInfo|x64.ActiveCfg = RelWithDebInfo|x64
		{42FEB7E6-460D-3978-B2BF-B3B77EAE7687}.Debug|x64.ActiveCfg = Debug|x64
		{42FEB7E6-460D-3978-B2BF-B3B77EAE7687}.Debug|x64.Build.0 = Debug|x64
		{42FEB7E6-460D-3978-B2BF-B3B77EAE7687}.Release|x64.ActiveCfg = Release|x64
		{42FEB7E6-460D-3978-B2BF-B3B77EAE7687}.Release|x64.Build.0 = Release|x64
		{42FEB7E6-460D-3978-B2BF-B3B77EAE7687}.MinSizeRel|x64.ActiveCfg = MinSizeRel|x64
		{42FEB7E6-460D-3978-B2BF-B3B77EAE7687}.MinSizeRel|x64.Build.0 = MinSizeRel|x64
		{42FEB7E6-460D-3978-B2BF-B3B77EAE7687}.RelWithDebInfo|x64.ActiveCfg = RelWithDebInfo|x64
		{42FEB7E6-460D-3978-B2BF-B3B77EAE7687}.RelWithDebInfo|x64.Build.0 = RelWithDebInfo|x64
		{CDF951EB-6A91-36C2-A41D-FAEA5FEB60A4}.Debug|x64.ActiveCfg = Debug|x64
		{CDF951EB-6A91-36C2-A41D-FAEA5FEB60A4}.Debug|x64.Build.0 = Debug|x64
		{CDF951EB-6A91-36C2-A41D-FAEA5FEB60A4}.Release|x64.ActiveCfg = Release|x64
		{CDF951EB-6A91-36C2-A41D-FAEA5FEB60A4}.Release|x64.Build.0 = Release|x64
		{CDF951EB-6A91-36C2-A41D-FAEA5FEB60A4}.MinSizeRel|x64.ActiveCfg = MinSizeRel|x64
		{CDF951EB-6A91-36C2-A41D-FAEA5FEB60A4}.MinSizeRel|x64.Build.0 = MinSizeRel|x64
		{CDF951EB-6A91-36C2-A41D-FAEA5FEB60A4}.RelWithDebInfo|x64.ActiveCfg = RelWithDebInfo|x64
		{CDF951EB-6A91-36C2-A41D-FAEA5FEB60A4}.RelWithDebInfo|x64.Build.0 = RelWithDebInfo|x64
		{74172A8E-031B-35D9-A277-FA7D13D40119}.Debug|x64.ActiveCfg = Debug|x64
		{74172A8E-031B-35D9-A277-FA7D13D40119}.Debug|x64.Build.0 = Debug|x64
		{74172A8E-031B-35D9-A277-FA7D13D40119}.Release|x64.ActiveCfg = Release|x64
		{74172A8E-031B-35D9-A277-FA7D13D40119}.Release|x64.Build.0 = Release|x64
		{74172A8E-031B-35D9-A277-FA7D13D40119}.MinSizeRel|x64.ActiveCfg = MinSizeRel|x64
		{74172A8E-031B-35D9-A277-FA7D13D40119}.MinSizeRel|x64.Build.0 = MinSizeRel|x64
		{74172A8E-031B-35D9-A277-FA7D13D40119}.RelWithDebInfo|x64.ActiveCfg = RelWithDebInfo|x64
		{74172A8E-031B-35D9-A277-FA7D13D40119}.RelWithDebInfo|x64.Build.0 = RelWithDebInfo|x64
		{CE50AA96-267D-3183-829B-2D6A542C7B3B}.Debug|x64.ActiveCfg = Debug|x64
		{CE50AA96-267D-3183-829B-2D6A542C7B3B}.Debug|x64.Build.0 = Debug|x64
		{CE50AA96-267D-3183-829B-2D6A542C7B3B}.Release|x64.ActiveCfg = Release|x64
		{CE50AA96-267D-3183-829B-2D6A542C7B3B}.Release|x64.Build.0 = Release|x64
		{CE50AA96-267D-3183-829B-2D6A542C7B3B}.MinSizeRel|x64.ActiveCfg = MinSizeRel|x64
		{CE50AA96-267D-3183-829B-2D6A542C7B3B}.MinSizeRel|x64.Build.0 = MinSizeRel|x64
		{CE50AA96-267D-3183-829B-2D6A542C7B3B}.RelWithDebInfo|x64.ActiveCfg = RelWithDebInfo|x64
		{CE50AA96-267D-3183-829B-2D6A542C7B3B}.RelWithDebInfo|x64.Build.0 = RelWithDebInfo|x64
		{95A1840D-A53B-34BF-B8AE-77487014D79D}.Debug|x64.ActiveCfg = Debug|x64
		{95A1840D-A53B-34BF-B8AE-77487014D79D}.Debug|x64.Build.0 = Debug|x64
		{95A1840D-A53B-34BF-B8AE-77487014D79D}.Release|x64.ActiveCfg = Release|x64
		{95A1840D-A53B-34BF-B8AE-77487014D79D}.Release|x64.Build.0 = Release|x64
		{95A1840D-A53B-34BF-B8AE-77487014D79D}.MinSizeRel|x64.ActiveCfg = MinSizeRel|x64
		{95A1840D-A53B-34BF-B8AE-77487014D79D}.MinSizeRel|x64.Build.0 = MinSizeRel|x64
		{95A1840D-A53B-34BF-B8AE-77487014D79D}.RelWithDebInfo|x64.ActiveCfg = RelWithDebInfo|x64
		{95A1840D-A53B-34BF-B8AE-77487014D79D}.RelWithDebInfo|x64.Build.0 = RelWithDebInfo|x64
		{BD56A271-E5EC-3092-8B1D-751DF29D88A4}.Debug|x64.ActiveCfg = Debug|x64
		{BD56A271-E5EC-3092-8B1D-751DF29D88A4}.Debug|x64.Build.0 = Debug|x64
		{BD56A271-E5EC-3092-8B1D-751DF29D88A4}.Release|x64.ActiveCfg = Release|x64
		{BD56A271-E5EC-3092-8B1D-751DF29D88A4}.Release|x64.Build.0 = Release|x64
		{BD56A271-E5EC-3092-8B1D-751DF29D88A4}.MinSizeRel|x64.ActiveCfg = MinSizeRel|x64
		{BD56A271-E5EC-3092-8B1D-751DF29D88A4}.MinSizeRel|x64.Build.0 = MinSizeRel|x64
		{BD56A271-E5EC-3092-8B1D-751DF29D88A4}.RelWithDebInfo|x64.ActiveCfg = RelWithDebInfo|x64
		{BD56A271-E5EC-3092-8B1D-751DF29D88A4}.RelWithDebInfo|x64.Build.0 = RelWithDebInfo|x64
		{297D491C-59A4-361A-A660-AF397F5F971B}.Debug|x64.ActiveCfg = Debug|x64
		{297D491C-59A4-361A-A660-AF397F5F971B}.Debug|x64.Build.0 = Debug|x64
		{297D491C-59A4-361A-A660-AF397F5F971B}.Release|x64.ActiveCfg = Release|x64
		{297D491C-59A4-361A-A660-AF397F5F971B}.Release|x64.Build.0 = Release|x64
		{297D491C-59A4-361A-A660-AF397F5F971B}.MinSizeRel|x64.ActiveCfg = MinSizeRel|x64
		{297D491C-59A4-361A-A660-AF397F5F971B}.MinSizeRel|x64.Build.0 = MinSizeRel|x64
		{297D491C-59A4-361A-A660-AF397F5F971B}.RelWithDebInfo|x64.ActiveCfg = RelWithDebInfo|x64
		{297D491C-59A4-361A-A660-AF397F5F971B}.RelWithDebInfo|x64.Build.0 = RelWithDebInfo|x64
		{99D0A92B-7BC9-316E-B5AC-946411FC4406}.Debug|x64.ActiveCfg = Debug|x64
		{99D0A92B-7BC9-316E-B5AC-946411FC4406}.Debug|x64.Build.0 = Debug|x64
		{99D0A92B-7BC9-316E-B5AC-946411FC4406}.Release|x64.ActiveCfg = Release|x64
		{99D0A92B-7BC9-316E-B5AC-946411FC4406}.Release|x64.Build.0 = Release|x64
		{99D0A92B-7BC9-316E-B5AC-946411FC4406}.MinSizeRel|x64.ActiveCfg = MinSizeRel|x64
		{99D0A92B-7BC9-316E-B5AC-946411FC4406}.MinSizeRel|x64.Build.0 = MinSizeRel|x64
		{99D0A92B-7BC9-316E-B5AC-946411FC4406}.RelWithDebInfo|x64.ActiveCfg = RelWithDebInfo|x64
		{99D0A92B-7BC9-316E-B5AC-946411FC4406}.RelWithDebInfo|x64.Build.0 = RelWithDebInfo|x64
		{E31B88BE-D2F2-3BC0-94B2-139A71D49EFB}.Debug|x64.ActiveCfg = Debug|x64
		{E31B88BE-D2F2-3BC0-94B2-139A71D49EFB}.Debug|x64.Build.0 = Debug|x64
		{E31B88BE-D2F2-3BC0-94B2-139A71D49EFB}.Release|x64.ActiveCfg = Release|x64
		{E31B88BE-D2F2-3BC0-94B2-139A71D49EFB}.Release|x64.Build.0 = Release|x64
		{E31B88BE-D2F2-3BC0-94B2-139A71D49EFB}.MinSizeRel|x64.ActiveCfg = MinSizeRel|x64
		{E31B88BE-D2F2-3BC0-94B2-139A71D49EFB}.MinSizeRel|x64.Build.0 = MinSizeRel|x64
		{E31B88BE-D2F2-3BC0-94B2-139A71D49EFB}.RelWithDebInfo|x64.ActiveCfg = RelWithDebInfo|x64
		{E31B88BE-D2F2-3BC0-94B2-139A71D49EFB}.RelWithDebInfo|x64.Build.0 = RelWithDebInfo|x64
		{C9D61101-0DB8-3442-8B66-7FB316E5102A}.Debug|x64.ActiveCfg = Debug|x64
		{C9D61101-0DB8-3442-8B66-7FB316E5102A}.Debug|x64.Build.0 = Debug|x64
		{C9D61101-0DB8-3442-8B66-7FB316E5102A}.Release|x64.ActiveCfg = Release|x64
		{C9D61101-0DB8-3442-8B66-7FB316E5102A}.Release|x64.Build.0 = Release|x64
		{C9D61101-0DB8-3442-8B66-7FB316E5102A}.MinSizeRel|x64.ActiveCfg = MinSizeRel|x64
		{C9D61101-0DB8-3442-8B66-7FB316E5102A}.MinSizeRel|x64.Build.0 = MinSizeRel|x64
		{C9D61101-0DB8-3442-8B66-7FB316E5102A}.RelWithDebInfo|x64.ActiveCfg = RelWithDebInfo|x64
		{C9D61101-0DB8-3442-8B66-7FB316E5102A}.RelWithDebInfo|x64.Build.0 = RelWithDebInfo|x64
	EndGlobalSection
	GlobalSection(ExtensibilityGlobals) = postSolution
		SolutionGuid = {273074EE-4DEB-3B6C-8837-8A3AA523F5BF}
	EndGlobalSection
	GlobalSection(ExtensibilityAddIns) = postSolution
	EndGlobalSection
EndGlobal
